github.com/ZacharyDuve/serverid v0.1.2 h1:DlteK6fJ1YeWrS5spHMUaKy2nQEXTowOal8WHBoABGM=
github.com/ZacharyDuve/serverid v0.1.2/go.mod h1:ey0acV15Hv3n7H8fbaWSd9X1NVV5Lzm0ukRgehv3o+g=
github.com/google/uuid v1.3.0 h1:t6JiXgmwXMjEs8VusXIJk2BXHsn+wx8BZdTaoZ5fu7I=
github.com/google/uuid v1.3.0/go.mod h1:TIyPZe4MgqvfeYDBFedMoGGpEw/LqOeaOT+nhxU+yHo=
